# THIS IS AN AUTOGENERATED FILE. DO NOT EDIT THIS FILE DIRECTLY.
# yarn lockfile v1


"@prisma/config@6.10.1":
  version "6.10.1"
  resolved "https://registry.yarnpkg.com/@prisma/config/-/config-6.10.1.tgz#d67364aa330af3c5069009f987863806ce2acaad"
  integrity sha512-kz4/bnqrOrzWo8KzYguN0cden4CzLJJ+2VSpKtF8utHS3l1JS0Lhv6BLwpOX6X9yNreTbZQZwewb+/BMPDCIYQ==
  dependencies:
    jiti "2.4.2"

"@prisma/debug@6.10.1":
  version "6.10.1"
  resolved "https://registry.yarnpkg.com/@prisma/debug/-/debug-6.10.1.tgz#8d4b2219c27b09ba747148785e9f0b7efd1ae343"
  integrity sha512-k2YT53cWxv9OLjW4zSYTZ6Z7j0gPfCzcr2Mj99qsuvlxr8WAKSZ2NcSR0zLf/mP4oxnYG842IMj3utTgcd7CaA==

"@prisma/engines-version@6.10.1-1.9b628578b3b7cae625e8c927178f15a170e74a9c":
  version "6.10.1-1.9b628578b3b7cae625e8c927178f15a170e74a9c"
  resolved "https://registry.yarnpkg.com/@prisma/engines-version/-/engines-version-6.10.1-1.9b628578b3b7cae625e8c927178f15a170e74a9c.tgz#0251f10e7b04e0a5d05d15b9823da8bc4fff2a5c"
  integrity sha512-ZJFTsEqapiTYVzXya6TUKYDFnSWCNegfUiG5ik9fleQva5Sk3DNyyUi7X1+0ZxWFHwHDr6BZV5Vm+iwP+LlciA==

"@prisma/engines@6.10.1":
  version "6.10.1"
  resolved "https://registry.yarnpkg.com/@prisma/engines/-/engines-6.10.1.tgz#bd3b2d604498b756ecd7c76698cae9221f962805"
  integrity sha512-Q07P5rS2iPwk2IQr/rUQJ42tHjpPyFcbiH7PXZlV81Ryr9NYIgdxcUrwgVOWVm5T7ap02C0dNd1dpnNcSWig8A==
  dependencies:
    "@prisma/debug" "6.10.1"
    "@prisma/engines-version" "6.10.1-1.9b628578b3b7cae625e8c927178f15a170e74a9c"
    "@prisma/fetch-engine" "6.10.1"
    "@prisma/get-platform" "6.10.1"

"@prisma/fetch-engine@6.10.1":
  version "6.10.1"
  resolved "https://registry.yarnpkg.com/@prisma/fetch-engine/-/fetch-engine-6.10.1.tgz#321aa7a94305c754d2da0cbb451b179b24edd37a"
  integrity sha512-clmbG/Jgmrc/n6Y77QcBmAUlq9LrwI9Dbgy4pq5jeEARBpRCWJDJ7PWW1P8p0LfFU0i5fsyO7FqRzRB8mkdS4g==
  dependencies:
    "@prisma/debug" "6.10.1"
    "@prisma/engines-version" "6.10.1-1.9b628578b3b7cae625e8c927178f15a170e74a9c"
    "@prisma/get-platform" "6.10.1"

"@prisma/get-platform@6.10.1":
  version "6.10.1"
  resolved "https://registry.yarnpkg.com/@prisma/get-platform/-/get-platform-6.10.1.tgz#28460715162754a7867c389b55485cbb18b75268"
  integrity sha512-4CY5ndKylcsce9Mv+VWp5obbR2/86SHOLVV053pwIkhVtT9C9A83yqiqI/5kJM9T1v1u1qco/bYjDKycmei9HA==
  dependencies:
    "@prisma/debug" "6.10.1"

jiti@2.4.2:
  version "2.4.2"
  resolved "https://registry.yarnpkg.com/jiti/-/jiti-2.4.2.tgz#d19b7732ebb6116b06e2038da74a55366faef560"
  integrity sha512-rg9zJN+G4n2nfJl5MW3BMygZX56zKPNVEYYqq7adpmMh4Jn2QNEwhvQlFy6jPVdcod7txZtKHWnyZiA3a0zP7A==

prisma@^6.10.1:
  version "6.10.1"
  resolved "https://registry.yarnpkg.com/prisma/-/prisma-6.10.1.tgz#2864034879c492359684193720e9e4b4a0bd20c9"
  integrity sha512-khhlC/G49E4+uyA3T3H5PRBut486HD2bDqE2+rvkU0pwk9IAqGFacLFUyIx9Uw+W2eCtf6XGwsp+/strUwMNPw==
  dependencies:
    "@prisma/config" "6.10.1"
    "@prisma/engines" "6.10.1"
